{
  "lockfileVersion": 1,
  "workspaces": {
    "": {
      "devDependencies": {
        "@ai-hero/sandcastle": "^0.6.6",
      },
    },
  },
  "packages": {
    "@ai-hero/sandcastle": ["@ai-hero/sandcastle@0.6.6", "", { "dependencies": { "@clack/prompts": "^1.1.0" }, "peerDependencies": { "@daytona/sdk": "^0.164.0", "@vercel/sandbox": ">=1.0.0" }, "optionalPeers": ["@daytona/sdk", "@vercel/sandbox"], "bin": { "sandcastle": "dist/main.js" } }, "sha512-LeyODPZocHZQdIidNXPRIxzs2Hn7tPyl5GfBGakKV1zH2CIpbc7XGApQhSXpOW7r2zO8m3mqiBKdSd7ifaqWcw=="],

    "@clack/core": ["@clack/core@1.3.1", "", { "dependencies": { "fast-wrap-ansi": "^0.2.0", "sisteransi": "^1.0.5" } }, "sha512-fT1qHVGAag4IEkrupZ6lRRbNCs1vS9P01KB/sG8zKgvUztbYtFBtQpjSITNwooDZ83tpsPzP0mRNs1/KVszCRA=="],

    "@clack/prompts": ["@clack/prompts@1.4.0", "", { "dependencies": { "@clack/core": "1.3.1", "fast-string-width": "^3.0.2", "fast-wrap-ansi": "^0.2.0", "sisteransi": "^1.0.5" } }, "sha512-S0My7XPGIgpRWMDG8uRqalbgT+a6FmCUdOW+HaIOVVpUPHOb7RrpvjTjiODadKp06fsrVDJZlIzc6yCTp4AnxA=="],

    "fast-string-truncated-width": ["fast-string-truncated-width@3.0.3", "", {}, "sha512-0jjjIEL6+0jag3l2XWWizO64/aZVtpiGE3t0Zgqxv0DPuxiMjvB3M24fCyhZUO4KomJQPj3LTSUnDP3GpdwC0g=="],

    "fast-string-width": ["fast-string-width@3.0.2", "", { "dependencies": { "fast-string-truncated-width": "^3.0.2" } }, "sha512-gX8LrtNEI5hq8DVUfRQMbr5lpaS4nMIWV+7XEbXk2b8kiQIizgnlr12B4dA3ZEx3308ze0O4Q1R+cHts8kyUJg=="],

    "fast-wrap-ansi": ["fast-wrap-ansi@0.2.2", "", { "dependencies": { "fast-string-width": "^3.0.2" } }, "sha512-7F2Fl+TjRSenLqlU3UjSH0iyqopqoZIu7eZVpEirP2g1GtWa2G/ecEmBdgz31+Mxr+ELclgg6sokpSFIQiZ02Q=="],

    "sisteransi": ["sisteransi@1.0.5", "", {}, "sha512-bLGGlR1QxBcynn2d5YmDX4MGjlZvy2MRBDRNHLJ8VI6l6+9FUiyTFNJ0IveOSP0bcXgVDPRcfGqA0pjaqUpfVg=="],
  }
}
