{
  "name": "faraday",
  "lockfileVersion": 3,
  "requires": true,
  "packages": {
    "": {
      "name": "faraday",
      "license": "Apache-2.0",
      "devDependencies": {
        "@ai-hero/sandcastle": "^0.6.6"
      }
    },
    "node_modules/@ai-hero/sandcastle": {
      "version": "0.6.6",
      "resolved": "https://registry.npmjs.org/@ai-hero/sandcastle/-/sandcastle-0.6.6.tgz",
      "integrity": "sha512-LeyODPZocHZQdIidNXPRIxzs2Hn7tPyl5GfBGakKV1zH2CIpbc7XGApQhSXpOW7r2zO8m3mqiBKdSd7ifaqWcw==",
      "dev": true,
      "license": "MIT",
      "dependencies": {
        "@clack/prompts": "^1.1.0"
      },
      "bin": {
        "sandcastle": "dist/main.js"
      },
      "peerDependencies": {
        "@daytona/sdk": "^0.164.0",
        "@vercel/sandbox": ">=1.0.0"
      },
      "peerDependenciesMeta": {
        "@daytona/sdk": {
          "optional": true
        },
        "@vercel/sandbox": {
          "optional": true
        }
      }
    },
    "node_modules/@clack/core": {
      "version": "1.3.1",
      "dev": true,
      "license": "MIT",
      "dependencies": {
        "fast-wrap-ansi": "^0.2.0",
        "sisteransi": "^1.0.5"
      },
      "engines": {
        "node": ">= 20.12.0"
      }
    },
    "node_modules/@clack/prompts": {
      "version": "1.4.0",
      "dev": true,
      "license": "MIT",
      "dependencies": {
        "@clack/core": "1.3.1",
        "fast-string-width": "^3.0.2",
        "fast-wrap-ansi": "^0.2.0",
        "sisteransi": "^1.0.5"
      },
      "engines": {
        "node": ">= 20.12.0"
      }
    },
    "node_modules/fast-string-truncated-width": {
      "version": "3.0.3",
      "dev": true,
      "license": "MIT"
    },
    "node_modules/fast-string-width": {
      "version": "3.0.2",
      "dev": true,
      "license": "MIT",
      "dependencies": {
        "fast-string-truncated-width": "^3.0.2"
      }
    },
    "node_modules/fast-wrap-ansi": {
      "version": "0.2.2",
      "dev": true,
      "license": "MIT",
      "dependencies": {
        "fast-string-width": "^3.0.2"
      }
    },
    "node_modules/sisteransi": {
      "version": "1.0.5",
      "dev": true,
      "license": "MIT"
    }
  }
}
